
Microsoft Visual Studio Solution File, Format Version 12.00
# Visual Studio Version 17
VisualStudioVersion = 17.0.31903.59
MinimumVisualStudioVersion = 10.0.40219.1
Project("{FAE04EC0-301F-11D3-BF4B-00C04F79EFBC}") = "Password.Core", "Password.Core\Password.Core.csproj", "{D66B93F3-CC41-45D1-9B2C-98122199C41F}"
EndProject
Project("{FAE04EC0-301F-11D3-BF4B-00C04F79EFBC}") = "Password.UnitTests", "Password.UnitTests\Password.UnitTests.csproj", "{65F317D4-B623-4370-BA4C-AF46B941BA44}"
EndProject
Global
	GlobalSection(SolutionConfigurationPlatforms) = preSolution
		Debug|Any CPU = Debug|Any CPU
		Release|Any CPU = Release|Any CPU
	EndGlobalSection
	GlobalSection(SolutionProperties) = preSolution
		HideSolutionNode = FALSE
	EndGlobalSection
	GlobalSection(ProjectConfigurationPlatforms) = postSolution
		{D66B93F3-CC41-45D1-9B2C-98122199C41F}.Debug|Any CPU.ActiveCfg = Debug|Any CPU
		{D66B93F3-CC41-45D1-9B2C-98122199C41F}.Debug|Any CPU.Build.0 = Debug|Any CPU
		{D66B93F3-CC41-45D1-9B2C-98122199C41F}.Release|Any CPU.ActiveCfg = Release|Any CPU
		{D66B93F3-CC41-45D1-9B2C-98122199C41F}.Release|Any CPU.Build.0 = Release|Any CPU
		{65F317D4-B623-4370-BA4C-AF46B941BA44}.Debug|Any CPU.ActiveCfg = Debug|Any CPU
		{65F317D4-B623-4370-BA4C-AF46B941BA44}.Debug|Any CPU.Build.0 = Debug|Any CPU
		{65F317D4-B623-4370-BA4C-AF46B941BA44}.Release|Any CPU.ActiveCfg = Release|Any CPU
		{65F317D4-B623-4370-BA4C-AF46B941BA44}.Release|Any CPU.Build.0 = Release|Any CPU
	EndGlobalSection
EndGlobal
